// !$*UTF8*$!
{
	archiveVersion = 1;
	classes = {
	};
	objectVersion = 55;
	objects = {

/* Begin PBXBuildFile section */
		33FD48A428C730E600707F51 /* AppDelegate.swift in Sources */ = {isa = PBXBuildFile; fileRef = 33FD48A328C730E600707F51 /* AppDelegate.swift */; };
		33FD48A628C730E600707F51 /* SceneDelegate.swift in Sources */ = {isa = PBXBuildFile; fileRef = 33FD48A528C730E600707F51 /* SceneDelegate.swift */; };
		33FD48A828C730E600707F51 /* ViewController.swift in Sources */ = {isa = PBXBuildFile; fileRef = 33FD48A728C730E600707F51 /* ViewController.swift */; };
		33FD48AB28C730E600707F51 /* Main.storyboard in Resources */ = {isa = PBXBuildFile; fileRef = 33FD48A928C730E600707F51 /* Main.storyboard */; };
		33FD48AD28C730E700707F51 /* Assets.xcassets in Resources */ = {isa = PBXBuildFile; fileRef = 33FD48AC28C730E700707F51 /* Assets.xcassets */; };
		33FD48B028C730E700707F51 /* LaunchScreen.storyboard in Resources */ = {isa = PBXBuildFile; fileRef = 33FD48AE28C730E700707F51 /* LaunchScreen.storyboard */; };
		33FD48BB28C730E700707F51 /* MyJournalTests.swift in Sources */ = {isa = PBXBuildFile; fileRef = 33FD48BA28C730E700707F51 /* MyJournalTests.swift */; };
		33FD48C528C730E700707F51 /* MyJournalUITests.swift in Sources */ = {isa = PBXBuildFile; fileRef = 33FD48C428C730E700707F51 /* MyJournalUITests.swift */; };
		33FD48C728C730E700707F51 /* MyJournalUITestsLaunchTests.swift in Sources */ = {isa = PBXBuildFile; fileRef = 33FD48C628C730E700707F51 /* MyJournalUITestsLaunchTests.swift */; };
/* End PBXBuildFile section */

/* Begin PBXContainerItemProxy section */
		33FD48B728C730E700707F51 /* PBXContainerItemProxy */ = {
			isa = PBXContainerItemProxy;
			containerPortal = 33FD489828C730E600707F51 /* Project object */;
			proxyType = 1;
			remoteGlobalIDString = 33FD489F28C730E600707F51;
			remoteInfo = MyJournal;
		};
		33FD48C128C730E700707F51 /* PBXContainerItemProxy */ = {
			isa = PBXContainerItemProxy;
			containerPortal = 33FD489828C730E600707F51 /* Project object */;
			proxyType = 1;
			remoteGlobalIDString = 33FD489F28C730E600707F51;
			remoteInfo = MyJournal;
		};
/* End PBXContainerItemProxy section */

/* Begin PBXFileReference section */
		33FD48A028C730E600707F51 /* MyJournal.app */ = {isa = PBXFileReference; explicitFileType = wrapper.application; includeInIndex = 0; path = MyJournal.app; sourceTree = BUILT_PRODUCTS_DIR; };
		33FD48A328C730E600707F51 /* AppDelegate.swift */ = {isa = PBXFileReference; lastKnownFileType = sourcecode.swift; path = AppDelegate.swift; sourceTree = "<group>"; };
		33FD48A528C730E600707F51 /* SceneDelegate.swift */ = {isa = PBXFileReference; lastKnownFileType = sourcecode.swift; path = SceneDelegate.swift; sourceTree = "<group>"; };
		33FD48A728C730E600707F51 /* ViewController.swift */ = {isa = PBXFileReference; lastKnownFileType = sourcecode.swift; path = ViewController.swift; sourceTree = "<group>"; };
		33FD48AA28C730E600707F51 /* Base */ = {isa = PBXFileReference; lastKnownFileType = file.storyboard; name = Base; path = Base.lproj/Main.storyboard; sourceTree = "<group>"; };
		33FD48AC28C730E700707F51 /* Assets.xcassets */ = {isa = PBXFileReference; lastKnownFileType = folder.assetcatalog; path = Assets.xcassets; sourceTree = "<group>"; };
		33FD48AF28C730E700707F51 /* Base */ = {isa = PBXFileReference; lastKnownFileType = file.storyboard; name = Base; path = Base.lproj/LaunchScreen.storyboard; sourceTree = "<group>"; };
		33FD48B128C730E700707F51 /* Info.plist */ = {isa = PBXFileReference; lastKnownFileType = text.plist.xml; path = Info.plist; sourceTree = "<group>"; };
		33FD48B628C730E700707F51 /* MyJournalTests.xctest */ = {isa = PBXFileReference; explicitFileType = wrapper.cfbundle; includeInIndex = 0; path = MyJournalTests.xctest; sourceTree = BUILT_PRODUCTS_DIR; };
		33FD48BA28C730E700707F51 /* MyJournalTests.swift */ = {isa = PBXFileReference; lastKnownFileType = sourcecode.swift; path = MyJournalTests.swift; sourceTree = "<group>"; };
		33FD48C028C730E700707F51 /* MyJournalUITests.xctest */ = {isa = PBXFileReference; explicitFileType = wrapper.cfbundle; includeInIndex = 0; path = MyJournalUITests.xctest; sourceTree = BUILT_PRODUCTS_DIR; };
		33FD48C428C730E700707F51 /* MyJournalUITests.swift */ = {isa = PBXFileReference; lastKnownFileType = sourcecode.swift; path = MyJournalUITests.swift; sourceTree = "<group>"; };
		33FD48C628C730E700707F51 /* MyJournalUITestsLaunchTests.swift */ = {isa = PBXFileReference; lastKnownFileType = sourcecode.swift; path = MyJournalUITestsLaunchTests.swift; sourceTree = "<group>"; };
/* End PBXFileReference section */

/* Begin PBXFrameworksBuildPhase section */
		33FD489D28C730E600707F51 /* Frameworks */ = {
			isa = PBXFrameworksBuildPhase;
			buildActionMask = 2147483647;
			files = (
			);
			runOnlyForDeploymentPostprocessing = 0;
		};
		33FD48B328C730E700707F51 /* Frameworks */ = {
			isa = PBXFrameworksBuildPhase;
			buildActionMask = 2147483647;
			files = (
			);
			runOnlyForDeploymentPostprocessing = 0;
		};
		33FD48BD28C730E700707F51 /* Frameworks */ = {
			isa = PBXFrameworksBuildPhase;
			buildActionMask = 2147483647;
			files = (
			);
			runOnlyForDeploymentPostprocessing = 0;
		};
/* End PBXFrameworksBuildPhase section */

/* Begin PBXGroup section */
		33FD489728C730E600707F51 = {
			isa = PBXGroup;
			children = (
				33FD48A228C730E600707F51 /* MyJournal */,
				33FD48B928C730E700707F51 /* MyJournalTests */,
				33FD48C328C730E700707F51 /* MyJournalUITests */,
				33FD48A128C730E600707F51 /* Products */,
			);
			sourceTree = "<group>";
		};
		33FD48A128C730E600707F51 /* Products */ = {
			isa = PBXGroup;
			children = (
				33FD48A028C730E600707F51 /* MyJournal.app */,
				33FD48B628C730E700707F51 /* MyJournalTests.xctest */,
				33FD48C028C730E700707F51 /* MyJournalUITests.xctest */,
			);
			name = Products;
			sourceTree = "<group>";
		};
		33FD48A228C730E600707F51 /* MyJournal */ = {
			isa = PBXGroup;
			children = (
				33FD48A328C730E600707F51 /* AppDelegate.swift */,
				33FD48A528C730E600707F51 /* SceneDelegate.swift */,
				33FD48A728C730E600707F51 /* ViewController.swift */,
				33FD48A928C730E600707F51 /* Main.storyboard */,
				33FD48AC28C730E700707F51 /* Assets.xcassets */,
				33FD48AE28C730E700707F51 /* LaunchScreen.storyboard */,
				33FD48B128C730E700707F51 /* Info.plist */,
			);
			path = MyJournal;
			sourceTree = "<group>";
		};
		33FD48B928C730E700707F51 /* MyJournalTests */ = {
			isa = PBXGroup;
			children = (
				33FD48BA28C730E700707F51 /* MyJournalTests.swift */,
			);
			path = MyJournalTests;
			sourceTree = "<group>";
		};
		33FD48C328C730E700707F51 /* MyJournalUITests */ = {
			isa = PBXGroup;
			children = (
				33FD48C428C730E700707F51 /* MyJournalUITests.swift */,
				33FD48C628C730E700707F51 /* MyJournalUITestsLaunchTests.swift */,
			);
			path = MyJournalUITests;
			sourceTree = "<group>";
		};
/* End PBXGroup section */

/* Begin PBXNativeTarget section */
		33FD489F28C730E600707F51 /* MyJournal */ = {
			isa = PBXNativeTarget;
			buildConfigurationList = 33FD48CA28C730E700707F51 /* Build configuration list for PBXNativeTarget "MyJournal" */;
			buildPhases = (
				33FD489C28C730E600707F51 /* Sources */,
				33FD489D28C730E600707F51 /* Frameworks */,
				33FD489E28C730E600707F51 /* Resources */,
			);
			buildRules = (
			);
			dependencies = (
			);
			name = MyJournal;
			productName = MyJournal;
			productReference = 33FD48A028C730E600707F51 /* MyJournal.app */;
			productType = "com.apple.product-type.application";
		};
		33FD48B528C730E700707F51 /* MyJournalTests */ = {
			isa = PBXNativeTarget;
			buildConfigurationList = 33FD48CD28C730E700707F51 /* Build configuration list for PBXNativeTarget "MyJournalTests" */;
			buildPhases = (
				33FD48B228C730E700707F51 /* Sources */,
				33FD48B328C730E700707F51 /* Frameworks */,
				33FD48B428C730E700707F51 /* Resources */,
			);
			buildRules = (
			);
			dependencies = (
				33FD48B828C730E700707F51 /* PBXTargetDependency */,
			);
			name = MyJournalTests;
			productName = MyJournalTests;
			productReference = 33FD48B628C730E700707F51 /* MyJournalTests.xctest */;
			productType = "com.apple.product-type.bundle.unit-test";
		};
		33FD48BF28C730E700707F51 /* MyJournalUITests */ = {
			isa = PBXNativeTarget;
			buildConfigurationList = 33FD48D028C730E700707F51 /* Build configuration list for PBXNativeTarget "MyJournalUITests" */;
			buildPhases = (
				33FD48BC28C730E700707F51 /* Sources */,
				33FD48BD28C730E700707F51 /* Frameworks */,
				33FD48BE28C730E700707F51 /* Resources */,
			);
			buildRules = (
			);
			dependencies = (
				33FD48C228C730E700707F51 /* PBXTargetDependency */,
			);
			name = MyJournalUITests;
			productName = MyJournalUITests;
			productReference = 33FD48C028C730E700707F51 /* MyJournalUITests.xctest */;
			productType = "com.apple.product-type.bundle.ui-testing";
		};
/* End PBXNativeTarget section */

/* Begin PBXProject section */
		33FD489828C730E600707F51 /* Project object */ = {
			isa = PBXProject;
			attributes = {
				BuildIndependentTargetsInParallel = 1;
				LastSwiftUpdateCheck = 1340;
				LastUpgradeCheck = 1340;
				TargetAttributes = {
					33FD489F28C730E600707F51 = {
						CreatedOnToolsVersion = 13.4.1;
					};
					33FD48B528C730E700707F51 = {
						CreatedOnToolsVersion = 13.4.1;
						TestTargetID = 33FD489F28C730E600707F51;
					};
					33FD48BF28C730E700707F51 = {
						CreatedOnToolsVersion = 13.4.1;
						TestTargetID = 33FD489F28C730E600707F51;
					};
				};
			};
			buildConfigurationList = 33FD489B28C730E600707F51 /* Build configuration list for PBXProject "MyJournal" */;
			compatibilityVersion = "Xcode 13.0";
			developmentRegion = en;
			hasScannedForEncodings = 0;
			knownRegions = (
				en,
				Base,
			);
			mainGroup = 33FD489728C730E600707F51;
			productRefGroup = 33FD48A128C730E600707F51 /* Products */;
			projectDirPath = "";
			projectRoot = "";
			targets = (
				33FD489F28C730E600707F51 /* MyJournal */,
				33FD48B528C730E700707F51 /* MyJournalTests */,
				33FD48BF28C730E700707F51 /* MyJournalUITests */,
			);
		};
/* End PBXProject section */

/* Begin PBXResourcesBuildPhase section */
		33FD489E28C730E600707F51 /* Resources */ = {
			isa = PBXResourcesBuildPhase;
			buildActionMask = 2147483647;
			files = (
				33FD48B028C730E700707F51 /* LaunchScreen.storyboard in Resources */,
				33FD48AD28C730E700707F51 /* Assets.xcassets in Resources */,
				33FD48AB28C730E600707F51 /* Main.storyboard in Resources */,
			);
			runOnlyForDeploymentPostprocessing = 0;
		};
		33FD48B428C730E700707F51 /* Resources */ = {
			isa = PBXResourcesBuildPhase;
			buildActionMask = 2147483647;
			files = (
			);
			runOnlyForDeploymentPostprocessing = 0;
		};
		33FD48BE28C730E700707F51 /* Resources */ = {
			isa = PBXResourcesBuildPhase;
			buildActionMask = 2147483647;
			files = (
			);
			runOnlyForDeploymentPostprocessing = 0;
		};
/* End PBXResourcesBuildPhase section */

/* Begin PBXSourcesBuildPhase section */
		33FD489C28C730E600707F51 /* Sources */ = {
			isa = PBXSourcesBuildPhase;
			buildActionMask = 2147483647;
			files = (
				33FD48A828C730E600707F51 /* ViewController.swift in Sources */,
				33FD48A428C730E600707F51 /* AppDelegate.swift in Sources */,
				33FD48A628C730E600707F51 /* SceneDelegate.swift in Sources */,
			);
			runOnlyForDeploymentPostprocessing = 0;
		};
		33FD48B228C730E700707F51 /* Sources */ = {
			isa = PBXSourcesBuildPhase;
			buildActionMask = 2147483647;
			files = (
				33FD48BB28C730E700707F51 /* MyJournalTests.swift in Sources */,
			);
			runOnlyForDeploymentPostprocessing = 0;
		};
		33FD48BC28C730E700707F51 /* Sources */ = {
			isa = PBXSourcesBuildPhase;
			buildActionMask = 2147483647;
			files = (
				33FD48C728C730E700707F51 /* MyJournalUITestsLaunchTests.swift in Sources */,
				33FD48C528C730E700707F51 /* MyJournalUITests.swift in Sources */,
			);
			runOnlyForDeploymentPostprocessing = 0;
		};
/* End PBXSourcesBuildPhase section */

/* Begin PBXTargetDependency section */
		33FD48B828C730E700707F51 /* PBXTargetDependency */ = {
			isa = PBXTargetDependency;
			target = 33FD489F28C730E600707F51 /* MyJournal */;
			targetProxy = 33FD48B728C730E700707F51 /* PBXContainerItemProxy */;
		};
		33FD48C228C730E700707F51 /* PBXTargetDependency */ = {
			isa = PBXTargetDependency;
			target = 33FD489F28C730E600707F51 /* MyJournal */;
			targetProxy = 33FD48C128C730E700707F51 /* PBXContainerItemProxy */;
		};
/* End PBXTargetDependency section */

/* Begin PBXVariantGroup section */
		33FD48A928C730E600707F51 /* Main.storyboard */ = {
			isa = PBXVariantGroup;
			children = (
				33FD48AA28C730E600707F51 /* Base */,
			);
			name = Main.storyboard;
			sourceTree = "<group>";
		};
		33FD48AE28C730E700707F51 /* LaunchScreen.storyboard */ = {
			isa = PBXVariantGroup;
			children = (
				33FD48AF28C730E700707F51 /* Base */,
			);
			name = LaunchScreen.storyboard;
			sourceTree = "<group>";
		};
/* End PBXVariantGroup section */

/* Begin XCBuildConfiguration section */
		33FD48C828C730E700707F51 /* Debug */ = {
			isa = XCBuildConfiguration;
			buildSettings = {
				ALWAYS_SEARCH_USER_PATHS = NO;
				CLANG_ANALYZER_NONNULL = YES;
				CLANG_ANALYZER_NUMBER_OBJECT_CONVERSION = YES_AGGRESSIVE;
				CLANG_CXX_LANGUAGE_STANDARD = "gnu++17";
				CLANG_ENABLE_MODULES = YES;
				CLANG_ENABLE_OBJC_ARC = YES;
				CLANG_ENABLE_OBJC_WEAK = YES;
				CLANG_WARN_BLOCK_CAPTURE_AUTORELEASING = YES;
				CLANG_WARN_BOOL_CONVERSION = YES;
				CLANG_WARN_COMMA = YES;
				CLANG_WARN_CONSTANT_CONVERSION = YES;
				CLANG_WARN_DEPRECATED_OBJC_IMPLEMENTATIONS = YES;
				CLANG_WARN_DIRECT_OBJC_ISA_USAGE = YES_ERROR;
				CLANG_WARN_DOCUMENTATION_COMMENTS = YES;
				CLANG_WARN_EMPTY_BODY = YES;
				CLANG_WARN_ENUM_CONVERSION = YES;
				CLANG_WARN_INFINITE_RECURSION = YES;
				CLANG_WARN_INT_CONVERSION = YES;
				CLANG_WARN_NON_LITERAL_NULL_CONVERSION = YES;
				CLANG_WARN_OBJC_IMPLICIT_RETAIN_SELF = YES;
				CLANG_WARN_OBJC_LITERAL_CONVERSION = YES;
				CLANG_WARN_OBJC_ROOT_CLASS = YES_ERROR;
				CLANG_WARN_QUOTED_INCLUDE_IN_FRAMEWORK_HEADER = YES;
				CLANG_WARN_RANGE_LOOP_ANALYSIS = YES;
				CLANG_WARN_STRICT_PROTOTYPES = YES;
				CLANG_WARN_SUSPICIOUS_MOVE = YES;
				CLANG_WARN_UNGUARDED_AVAILABILITY = YES_AGGRESSIVE;
				CLANG_WARN_UNREACHABLE_CODE = YES;
				CLANG_WARN__DUPLICATE_METHOD_MATCH = YES;
				COPY_PHASE_STRIP = NO;
				DEBUG_INFORMATION_FORMAT = dwarf;
				ENABLE_STRICT_OBJC_MSGSEND = YES;
				ENABLE_TESTABILITY = YES;
				GCC_C_LANGUAGE_STANDARD = gnu11;
				GCC_DYNAMIC_NO_PIC = NO;
				GCC_NO_COMMON_BLOCKS = YES;
				GCC_OPTIMIZATION_LEVEL = 0;
				GCC_PREPROCESSOR_DEFINITIONS = (
					"DEBUG=1",
					"$(inherited)",
				);
				GCC_WARN_64_TO_32_BIT_CONVERSION = YES;
				GCC_WARN_ABOUT_RETURN_TYPE = YES_ERROR;
				GCC_WARN_UNDECLARED_SELECTOR = YES;
				GCC_WARN_UNINITIALIZED_AUTOS = YES_AGGRESSIVE;
				GCC_WARN_UNUSED_FUNCTION = YES;
				GCC_WARN_UNUSED_VARIABLE = YES;
				IPHONEOS_DEPLOYMENT_TARGET = 15.5;
				MTL_ENABLE_DEBUG_INFO = INCLUDE_SOURCE;
				MTL_FAST_MATH = YES;
				ONLY_ACTIVE_ARCH = YES;
				SDKROOT = iphoneos;
				SWIFT_ACTIVE_COMPILATION_CONDITIONS = DEBUG;
				SWIFT_OPTIMIZATION_LEVEL = "-Onone";
			};
			name = Debug;
		};
		33FD48C928C730E700707F51 /* Release */ = {
			isa = XCBuildConfiguration;
			buildSettings = {
				ALWAYS_SEARCH_USER_PATHS = NO;
				CLANG_ANALYZER_NONNULL = YES;
				CLANG_ANALYZER_NUMBER_OBJECT_CONVERSION = YES_AGGRESSIVE;
				CLANG_CXX_LANGUAGE_STANDARD = "gnu++17";
				CLANG_ENABLE_MODULES = YES;
				CLANG_ENABLE_OBJC_ARC = YES;
				CLANG_ENABLE_OBJC_WEAK = YES;
				CLANG_WARN_BLOCK_CAPTURE_AUTORELEASING = YES;
				CLANG_WARN_BOOL_CONVERSION = YES;
				CLANG_WARN_COMMA = YES;
				CLANG_WARN_CONSTANT_CONVERSION = YES;
				CLANG_WARN_DEPRECATED_OBJC_IMPLEMENTATIONS = YES;
				CLANG_WARN_DIRECT_OBJC_ISA_USAGE = YES_ERROR;
				CLANG_WARN_DOCUMENTATION_COMMENTS = YES;
				CLANG_WARN_EMPTY_BODY = YES;
				CLANG_WARN_ENUM_CONVERSION = YES;
				CLANG_WARN_INFINITE_RECURSION = YES;
				CLANG_WARN_INT_CONVERSION = YES;
				CLANG_WARN_NON_LITERAL_NULL_CONVERSION = YES;
				CLANG_WARN_OBJC_IMPLICIT_RETAIN_SELF = YES;
				CLANG_WARN_OBJC_LITERAL_CONVERSION = YES;
				CLANG_WARN_OBJC_ROOT_CLASS = YES_ERROR;
				CLANG_WARN_QUOTED_INCLUDE_IN_FRAMEWORK_HEADER = YES;
				CLANG_WARN_RANGE_LOOP_ANALYSIS = YES;
				CLANG_WARN_STRICT_PROTOTYPES = YES;
				CLANG_WARN_SUSPICIOUS_MOVE = YES;
				CLANG_WARN_UNGUARDED_AVAILABILITY = YES_AGGRESSIVE;
				CLANG_WARN_UNREACHABLE_CODE = YES;
				CLANG_WARN__DUPLICATE_METHOD_MATCH = YES;
				COPY_PHASE_STRIP = NO;
				DEBUG_INFORMATION_FORMAT = "dwarf-with-dsym";
				ENABLE_NS_ASSERTIONS = NO;
				ENABLE_STRICT_OBJC_MSGSEND = YES;
				GCC_C_LANGUAGE_STANDARD = gnu11;
				GCC_NO_COMMON_BLOCKS = YES;
				GCC_WARN_64_TO_32_BIT_CONVERSION = YES;
				GCC_WARN_ABOUT_RETURN_TYPE = YES_ERROR;
				GCC_WARN_UNDECLARED_SELECTOR = YES;
				GCC_WARN_UNINITIALIZED_AUTOS = YES_AGGRESSIVE;
				GCC_WARN_UNUSED_FUNCTION = YES;
				GCC_WARN_UNUSED_VARIABLE = YES;
				IPHONEOS_DEPLOYMENT_TARGET = 15.5;
				MTL_ENABLE_DEBUG_INFO = NO;
				MTL_FAST_MATH = YES;
				SDKROOT = iphoneos;
				SWIFT_COMPILATION_MODE = wholemodule;
				SWIFT_OPTIMIZATION_LEVEL = "-O";
				VALIDATE_PRODUCT = YES;
			};
			name = Release;
		};
		33FD48CB28C730E700707F51 /* Debug */ = {
			isa = XCBuildConfiguration;
			buildSettings = {
				ASSETCATALOG_COMPILER_APPICON_NAME = AppIcon;
				ASSETCATALOG_COMPILER_GLOBAL_ACCENT_COLOR_NAME = AccentColor;
				CODE_SIGN_STYLE = Automatic;
				CURRENT_PROJECT_VERSION = 1;
				DEVELOPMENT_TEAM = 8Z2SQL9F4K;
				GENERATE_INFOPLIST_FILE = YES;
				INFOPLIST_FILE = MyJournal/Info.plist;
				INFOPLIST_KEY_UIApplicationSupportsIndirectInputEvents = YES;
				INFOPLIST_KEY_UILaunchStoryboardName = LaunchScreen;
				INFOPLIST_KEY_UIMainStoryboardFile = Main;
				INFOPLIST_KEY_UISupportedInterfaceOrientations_iPad = "UIInterfaceOrientationPortrait UIInterfaceOrientationPortraitUpsideDown UIInterfaceOrientationLandscapeLeft UIInterfaceOrientationLandscapeRight";
				INFOPLIST_KEY_UISupportedInterfaceOrientations_iPhone = "UIInterfaceOrientationPortrait UIInterfaceOrientationLandscapeLeft UIInterfaceOrientationLandscapeRight";
				LD_RUNPATH_SEARCH_PATHS = (
					"$(inherited)",
					"@executable_path/Frameworks",
				);
				MARKETING_VERSION = 1.0;
				PRODUCT_BUNDLE_IDENTIFIER = SaimanChen.MyJournal;
				PRODUCT_NAME = "$(TARGET_NAME)";
				SWIFT_EMIT_LOC_STRINGS = YES;
				SWIFT_VERSION = 5.0;
				TARGETED_DEVICE_FAMILY = "1,2";
			};
			name = Debug;
		};
		33FD48CC28C730E700707F51 /* Release */ = {
			isa = XCBuildConfiguration;
			buildSettings = {
				ASSETCATALOG_COMPILER_APPICON_NAME = AppIcon;
				ASSETCATALOG_COMPILER_GLOBAL_ACCENT_COLOR_NAME = AccentColor;
				CODE_SIGN_STYLE = Automatic;
				CURRENT_PROJECT_VERSION = 1;
				DEVELOPMENT_TEAM = 8Z2SQL9F4K;
				GENERATE_INFOPLIST_FILE = YES;
				INFOPLIST_FILE = MyJournal/Info.plist;
				INFOPLIST_KEY_UIApplicationSupportsIndirectInputEvents = YES;
				INFOPLIST_KEY_UILaunchStoryboardName = LaunchScreen;
				INFOPLIST_KEY_UIMainStoryboardFile = Main;
				INFOPLIST_KEY_UISupportedInterfaceOrientations_iPad = "UIInterfaceOrientationPortrait UIInterfaceOrientationPortraitUpsideDown UIInterfaceOrientationLandscapeLeft UIInterfaceOrientationLandscapeRight";
				INFOPLIST_KEY_UISupportedInterfaceOrientations_iPhone = "UIInterfaceOrientationPortrait UIInterfaceOrientationLandscapeLeft UIInterfaceOrientationLandscapeRight";
				LD_RUNPATH_SEARCH_PATHS = (
					"$(inherited)",
					"@executable_path/Frameworks",
				);
				MARKETING_VERSION = 1.0;
				PRODUCT_BUNDLE_IDENTIFIER = SaimanChen.MyJournal;
				PRODUCT_NAME = "$(TARGET_NAME)";
				SWIFT_EMIT_LOC_STRINGS = YES;
				SWIFT_VERSION = 5.0;
				TARGETED_DEVICE_FAMILY = "1,2";
			};
			name = Release;
		};
		33FD48CE28C730E700707F51 /* Debug */ = {
			isa = XCBuildConfiguration;
			buildSettings = {
				ALWAYS_EMBED_SWIFT_STANDARD_LIBRARIES = YES;
				BUNDLE_LOADER = "$(TEST_HOST)";
				CODE_SIGN_STYLE = Automatic;
				CURRENT_PROJECT_VERSION = 1;
				DEVELOPMENT_TEAM = 8Z2SQL9F4K;
				GENERATE_INFOPLIST_FILE = YES;
				IPHONEOS_DEPLOYMENT_TARGET = 15.5;
				MARKETING_VERSION = 1.0;
				PRODUCT_BUNDLE_IDENTIFIER = SaimanChen.MyJournalTests;
				PRODUCT_NAME = "$(TARGET_NAME)";
				SWIFT_EMIT_LOC_STRINGS = NO;
				SWIFT_VERSION = 5.0;
				TARGETED_DEVICE_FAMILY = "1,2";
				TEST_HOST = "$(BUILT_PRODUCTS_DIR)/MyJournal.app/MyJournal";
			};
			name = Debug;
		};
		33FD48CF28C730E700707F51 /* Release */ = {
			isa = XCBuildConfiguration;
			buildSettings = {
				ALWAYS_EMBED_SWIFT_STANDARD_LIBRARIES = YES;
				BUNDLE_LOADER = "$(TEST_HOST)";
				CODE_SIGN_STYLE = Automatic;
				CURRENT_PROJECT_VERSION = 1;
				DEVELOPMENT_TEAM = 8Z2SQL9F4K;
				GENERATE_INFOPLIST_FILE = YES;
				IPHONEOS_DEPLOYMENT_TARGET = 15.5;
				MARKETING_VERSION = 1.0;
				PRODUCT_BUNDLE_IDENTIFIER = SaimanChen.MyJournalTests;
				PRODUCT_NAME = "$(TARGET_NAME)";
				SWIFT_EMIT_LOC_STRINGS = NO;
				SWIFT_VERSION = 5.0;
				TARGETED_DEVICE_FAMILY = "1,2";
				TEST_HOST = "$(BUILT_PRODUCTS_DIR)/MyJournal.app/MyJournal";
			};
			name = Release;
		};
		33FD48D128C730E700707F51 /* Debug */ = {
			isa = XCBuildConfiguration;
			buildSettings = {
				ALWAYS_EMBED_SWIFT_STANDARD_LIBRARIES = YES;
				CODE_SIGN_STYLE = Automatic;
				CURRENT_PROJECT_VERSION = 1;
				DEVELOPMENT_TEAM = 8Z2SQL9F4K;
				GENERATE_INFOPLIST_FILE = YES;
				MARKETING_VERSION = 1.0;
				PRODUCT_BUNDLE_IDENTIFIER = SaimanChen.MyJournalUITests;
				PRODUCT_NAME = "$(TARGET_NAME)";
				SWIFT_EMIT_LOC_STRINGS = NO;
				SWIFT_VERSION = 5.0;
				TARGETED_DEVICE_FAMILY = "1,2";
				TEST_TARGET_NAME = MyJournal;
			};
			name = Debug;
		};
		33FD48D228C730E700707F51 /* Release */ = {
			isa = XCBuildConfiguration;
			buildSettings = {
				ALWAYS_EMBED_SWIFT_STANDARD_LIBRARIES = YES;
				CODE_SIGN_STYLE = Automatic;
				CURRENT_PROJECT_VERSION = 1;
				DEVELOPMENT_TEAM = 8Z2SQL9F4K;
				GENERATE_INFOPLIST_FILE = YES;
				MARKETING_VERSION = 1.0;
				PRODUCT_BUNDLE_IDENTIFIER = SaimanChen.MyJournalUITests;
				PRODUCT_NAME = "$(TARGET_NAME)";
				SWIFT_EMIT_LOC_STRINGS = NO;
				SWIFT_VERSION = 5.0;
				TARGETED_DEVICE_FAMILY = "1,2";
				TEST_TARGET_NAME = MyJournal;
			};
			name = Release;
		};
/* End XCBuildConfiguration section */

/* Begin XCConfigurationList section */
		33FD489B28C730E600707F51 /* Build configuration list for PBXProject "MyJournal" */ = {
			isa = XCConfigurationList;
			buildConfigurations = (
				33FD48C828C730E700707F51 /* Debug */,
				33FD48C928C730E700707F51 /* Release */,
			);
			defaultConfigurationIsVisible = 0;
			defaultConfigurationName = Release;
		};
		33FD48CA28C730E700707F51 /* Build configuration list for PBXNativeTarget "MyJournal" */ = {
			isa = XCConfigurationList;
			buildConfigurations = (
				33FD48CB28C730E700707F51 /* Debug */,
				33FD48CC28C730E700707F51 /* Release */,
			);
			defaultConfigurationIsVisible = 0;
			defaultConfigurationName = Release;
		};
		33FD48CD28C730E700707F51 /* Build configuration list for PBXNativeTarget "MyJournalTests" */ = {
			isa = XCConfigurationList;
			buildConfigurations = (
				33FD48CE28C730E700707F51 /* Debug */,
				33FD48CF28C730E700707F51 /* Release */,
			);
			defaultConfigurationIsVisible = 0;
			defaultConfigurationName = Release;
		};
		33FD48D028C730E700707F51 /* Build configuration list for PBXNativeTarget "MyJournalUITests" */ = {
			isa = XCConfigurationList;
			buildConfigurations = (
				33FD48D128C730E700707F51 /* Debug */,
				33FD48D228C730E700707F51 /* Release */,
			);
			defaultConfigurationIsVisible = 0;
			defaultConfigurationName = Release;
		};
/* End XCConfigurationList section */
	};
	rootObject = 33FD489828C730E600707F51 /* Project object */;
}
